
Microsoft Visual Studio Solution File, Format Version 12.00
# Visual Studio 2012
Project("{FAE04EC0-301F-11D3-BF4B-00C04F79EFBC}") = "HRSystem", "HRSystem\HRSystem.csproj", "{7B60E940-99DB-479B-99C6-A53C75A9FF03}"
EndProject
Global
	GlobalSection(SolutionConfigurationPlatforms) = preSolution
		Debug|Any CPU = Debug|Any CPU
		Release|Any CPU = Release|Any CPU
	EndGlobalSection
	GlobalSection(ProjectConfigurationPlatforms) = postSolution
		{7B60E940-99DB-479B-99C6-A53C75A9FF03}.Debug|Any CPU.ActiveCfg = Debug|Any CPU
		{7B60E940-99DB-479B-99C6-A53C75A9FF03}.Debug|Any CPU.Build.0 = Debug|Any CPU
		{7B60E940-99DB-479B-99C6-A53C75A9FF03}.Release|Any CPU.ActiveCfg = Release|Any CPU
		{7B60E940-99DB-479B-99C6-A53C75A9FF03}.Release|Any CPU.Build.0 = Release|Any CPU
	EndGlobalSection
	GlobalSection(SolutionProperties) = preSolution
		HideSolutionNode = FALSE
	EndGlobalSection
EndGlobal
